
Microsoft Visual Studio Solution File, Format Version 12.00
# Visual Studio Version 16
VisualStudioVersion = 16.0.31624.102
MinimumVisualStudioVersion = 10.0.40219.1
Project("{FAE04EC0-301F-11D3-BF4B-00C04F79EFBC}") = "Absraccion-Encapsulamiento.Console", "Absraccion-Encapsulamiento\Absraccion-Encapsulamiento.Console.csproj", "{0E66BE16-DDFD-48A8-B0D7-B665BC2958F1}"
EndProject
Project("{FAE04EC0-301F-11D3-BF4B-00C04F79EFBC}") = "Absraccion-Encapsulamiento.Clases", "Absraccion-Encapsulamiento.Clases\Absraccion-Encapsulamiento.Clases.csproj", "{1680D7A2-A07D-4B0B-9E8C-0FE232082F8D}"
EndProject
Global
	GlobalSection(SolutionConfigurationPlatforms) = preSolution
		Debug|Any CPU = Debug|Any CPU
		Release|Any CPU = Release|Any CPU
	EndGlobalSection
	GlobalSection(ProjectConfigurationPlatforms) = postSolution
		{0E66BE16-DDFD-48A8-B0D7-B665BC2958F1}.Debug|Any CPU.ActiveCfg = Debug|Any CPU
		{0E66BE16-DDFD-48A8-B0D7-B665BC2958F1}.Debug|Any CPU.Build.0 = Debug|Any CPU
		{0E66BE16-DDFD-48A8-B0D7-B665BC2958F1}.Release|Any CPU.ActiveCfg = Release|Any CPU
		{0E66BE16-DDFD-48A8-B0D7-B665BC2958F1}.Release|Any CPU.Build.0 = Release|Any CPU
		{1680D7A2-A07D-4B0B-9E8C-0FE232082F8D}.Debug|Any CPU.ActiveCfg = Debug|Any CPU
		{1680D7A2-A07D-4B0B-9E8C-0FE232082F8D}.Debug|Any CPU.Build.0 = Debug|Any CPU
		{1680D7A2-A07D-4B0B-9E8C-0FE232082F8D}.Release|Any CPU.ActiveCfg = Release|Any CPU
		{1680D7A2-A07D-4B0B-9E8C-0FE232082F8D}.Release|Any CPU.Build.0 = Release|Any CPU
	EndGlobalSection
	GlobalSection(SolutionProperties) = preSolution
		HideSolutionNode = FALSE
	EndGlobalSection
	GlobalSection(ExtensibilityGlobals) = postSolution
		SolutionGuid = {9DB65388-FEBE-47F1-B022-D747DF779633}
	EndGlobalSection
EndGlobal
